{
  "nodes": {
    "earthly-vim": {
      "flake": false,
      "locked": {
        "lastModified": 1650649012,
        "narHash": "sha256-KOlYUXasMYHMUY8uthiwPh2uLZaQSI76anJD0W1+qes=",
        "owner": "earthly",
        "repo": "earthly.vim",
        "rev": "9402908f41c5165fa69317da9fe1c47ea5f9e5dd",
        "type": "github"
      },
      "original": {
        "owner": "earthly",
        "repo": "earthly.vim",
        "type": "github"
      }
    },
    "flake-utils": {
      "locked": {
        "lastModified": 1678901627,
        "narHash": "sha256-U02riOqrKKzwjsxc/400XnElV+UtPUQWpANPlyazjH0=",
        "owner": "numtide",
        "repo": "flake-utils",
        "rev": "93a2b84fc4b70d9e089d029deacc3583435c2ed6",
        "type": "github"
      },
      "original": {
        "owner": "numtide",
        "repo": "flake-utils",
        "type": "github"
      }
    },
    "nixpkgs": {
      "locked": {
        "lastModified": 1679249423,
        "narHash": "sha256-w1TSpv3aTKMJ+0i7o6SMHwVUu/3jmDqW06k1lLIoOxQ=",
        "owner": "nixos",
        "repo": "nixpkgs",
        "rev": "16de59a65ff728ca7c6c0990a6d19d6b586be65d",
        "type": "github"
      },
      "original": {
        "owner": "nixos",
        "repo": "nixpkgs",
        "type": "github"
      }
    },
    "root": {
      "inputs": {
        "earthly-vim": "earthly-vim",
        "flake-utils": "flake-utils",
        "nixpkgs": "nixpkgs"
      }
    }
  },
  "root": "root",
  "version": 7
}
